
Microsoft Visual Studio Solution File, Format Version 12.00
# Visual Studio Version 17
VisualStudioVersion = 17.4.33213.308
MinimumVisualStudioVersion = 10.0.40219.1
Project("{9A19103F-16F7-4668-BE54-9A1E7A4F7556}") = "StoreFront.UI.MVC", "StoreFront.UI.MVC\StoreFront.UI.MVC.csproj", "{9FDB8BFE-7E29-4D7B-ADE0-66F5247F2353}"
EndProject
Project("{FAE04EC0-301F-11D3-BF4B-00C04F79EFBC}") = "StoreFront.DATA.EF", "StoreFront.DATA.EF\StoreFront.DATA.EF.csproj", "{4D77E028-71A4-4EC0-81D7-6E48F7AA1712}"
EndProject
Global
	GlobalSection(SolutionConfigurationPlatforms) = preSolution
		Debug|Any CPU = Debug|Any CPU
		Release|Any CPU = Release|Any CPU
	EndGlobalSection
	GlobalSection(ProjectConfigurationPlatforms) = postSolution
		{9FDB8BFE-7E29-4D7B-ADE0-66F5247F2353}.Debug|Any CPU.ActiveCfg = Debug|Any CPU
		{9FDB8BFE-7E29-4D7B-ADE0-66F5247F2353}.Debug|Any CPU.Build.0 = Debug|Any CPU
		{9FDB8BFE-7E29-4D7B-ADE0-66F5247F2353}.Release|Any CPU.ActiveCfg = Release|Any CPU
		{9FDB8BFE-7E29-4D7B-ADE0-66F5247F2353}.Release|Any CPU.Build.0 = Release|Any CPU
		{4D77E028-71A4-4EC0-81D7-6E48F7AA1712}.Debug|Any CPU.ActiveCfg = Debug|Any CPU
		{4D77E028-71A4-4EC0-81D7-6E48F7AA1712}.Debug|Any CPU.Build.0 = Debug|Any CPU
		{4D77E028-71A4-4EC0-81D7-6E48F7AA1712}.Release|Any CPU.ActiveCfg = Release|Any CPU
		{4D77E028-71A4-4EC0-81D7-6E48F7AA1712}.Release|Any CPU.Build.0 = Release|Any CPU
	EndGlobalSection
	GlobalSection(SolutionProperties) = preSolution
		HideSolutionNode = FALSE
	EndGlobalSection
	GlobalSection(ExtensibilityGlobals) = postSolution
		SolutionGuid = {91F23838-14CC-43DB-9BF9-8CFA691452C8}
	EndGlobalSection
EndGlobal
